// !$*UTF8*$!
{
	archiveVersion = 1;
	classes = {
	};
	objectVersion = 46;
	objects = {

/* Begin PBXBuildFile section */
		5C5645FC1BB3864B008D2D45 /* main.m in Sources */ = {isa = PBXBuildFile; fileRef = 5C5645FB1BB3864B008D2D45 /* main.m */; };
		5C5645FF1BB3864B008D2D45 /* AppDelegate.m in Sources */ = {isa = PBXBuildFile; fileRef = 5C5645FE1BB3864B008D2D45 /* AppDelegate.m */; };
		5C5646021BB3864B008D2D45 /* ViewController.m in Sources */ = {isa = PBXBuildFile; fileRef = 5C5646011BB3864B008D2D45 /* ViewController.m */; };
		5C5646051BB3864B008D2D45 /* Main.storyboard in Resources */ = {isa = PBXBuildFile; fileRef = 5C5646031BB3864B008D2D45 /* Main.storyboard */; };
		5C5646071BB3864B008D2D45 /* Images.xcassets in Resources */ = {isa = PBXBuildFile; fileRef = 5C5646061BB3864B008D2D45 /* Images.xcassets */; };
		5C56460A1BB3864B008D2D45 /* LaunchScreen.xib in Resources */ = {isa = PBXBuildFile; fileRef = 5C5646081BB3864B008D2D45 /* LaunchScreen.xib */; };
		5C5646161BB3864C008D2D45 /* Lyu_lab3Tests.m in Sources */ = {isa = PBXBuildFile; fileRef = 5C5646151BB3864C008D2D45 /* Lyu_lab3Tests.m */; };
/* End PBXBuildFile section */

/* Begin PBXContainerItemProxy section */
		5C5646101BB3864C008D2D45 /* PBXContainerItemProxy */ = {
			isa = PBXContainerItemProxy;
			containerPortal = 5C5645EE1BB3864B008D2D45 /* Project object */;
			proxyType = 1;
			remoteGlobalIDString = 5C5645F51BB3864B008D2D45;
			remoteInfo = "Lyu-lab3";
		};
/* End PBXContainerItemProxy section */

/* Begin PBXFileReference section */
		5C5645F61BB3864B008D2D45 /* Lyu-lab3.app */ = {isa = PBXFileReference; explicitFileType = wrapper.application; includeInIndex = 0; path = "Lyu-lab3.app"; sourceTree = BUILT_PRODUCTS_DIR; };
		5C5645FA1BB3864B008D2D45 /* Info.plist */ = {isa = PBXFileReference; lastKnownFileType = text.plist.xml; path = Info.plist; sourceTree = "<group>"; };
		5C5645FB1BB3864B008D2D45 /* main.m */ = {isa = PBXFileReference; lastKnownFileType = sourcecode.c.objc; path = main.m; sourceTree = "<group>"; };
		5C5645FD1BB3864B008D2D45 /* AppDelegate.h */ = {isa = PBXFileReference; lastKnownFileType = sourcecode.c.h; path = AppDelegate.h; sourceTree = "<group>"; };
		5C5645FE1BB3864B008D2D45 /* AppDelegate.m */ = {isa = PBXFileReference; lastKnownFileType = sourcecode.c.objc; path = AppDelegate.m; sourceTree = "<group>"; };
		5C5646001BB3864B008D2D45 /* ViewController.h */ = {isa = PBXFileReference; lastKnownFileType = sourcecode.c.h; path = ViewController.h; sourceTree = "<group>"; };
		5C5646011BB3864B008D2D45 /* ViewController.m */ = {isa = PBXFileReference; lastKnownFileType = sourcecode.c.objc; path = ViewController.m; sourceTree = "<group>"; };
		5C5646041BB3864B008D2D45 /* Base */ = {isa = PBXFileReference; lastKnownFileType = file.storyboard; name = Base; path = Base.lproj/Main.storyboard; sourceTree = "<group>"; };
		5C5646061BB3864B008D2D45 /* Images.xcassets */ = {isa = PBXFileReference; lastKnownFileType = folder.assetcatalog; path = Images.xcassets; sourceTree = "<group>"; };
		5C5646091BB3864B008D2D45 /* Base */ = {isa = PBXFileReference; lastKnownFileType = file.xib; name = Base; path = Base.lproj/LaunchScreen.xib; sourceTree = "<group>"; };
		5C56460F1BB3864C008D2D45 /* Lyu-lab3Tests.xctest */ = {isa = PBXFileReference; explicitFileType = wrapper.cfbundle; includeInIndex = 0; path = "Lyu-lab3Tests.xctest"; sourceTree = BUILT_PRODUCTS_DIR; };
		5C5646141BB3864C008D2D45 /* Info.plist */ = {isa = PBXFileReference; lastKnownFileType = text.plist.xml; path = Info.plist; sourceTree = "<group>"; };
		5C5646151BB3864C008D2D45 /* Lyu_lab3Tests.m */ = {isa = PBXFileReference; lastKnownFileType = sourcecode.c.objc; path = Lyu_lab3Tests.m; sourceTree = "<group>"; };
/* End PBXFileReference section */

/* Begin PBXFrameworksBuildPhase section */
		5C5645F31BB3864B008D2D45 /* Frameworks */ = {
			isa = PBXFrameworksBuildPhase;
			buildActionMask = 2147483647;
			files = (
			);
			runOnlyForDeploymentPostprocessing = 0;
		};
		5C56460C1BB3864C008D2D45 /* Frameworks */ = {
			isa = PBXFrameworksBuildPhase;
			buildActionMask = 2147483647;
			files = (
			);
			runOnlyForDeploymentPostprocessing = 0;
		};
/* End PBXFrameworksBuildPhase section */

/* Begin PBXGroup section */
		5C5645ED1BB3864B008D2D45 = {
			isa = PBXGroup;
			children = (
				5C5645F81BB3864B008D2D45 /* Lyu-lab3 */,
				5C5646121BB3864C008D2D45 /* Lyu-lab3Tests */,
				5C5645F71BB3864B008D2D45 /* Products */,
			);
			sourceTree = "<group>";
		};
		5C5645F71BB3864B008D2D45 /* Products */ = {
			isa = PBXGroup;
			children = (
				5C5645F61BB3864B008D2D45 /* Lyu-lab3.app */,
				5C56460F1BB3864C008D2D45 /* Lyu-lab3Tests.xctest */,
			);
			name = Products;
			sourceTree = "<group>";
		};
		5C5645F81BB3864B008D2D45 /* Lyu-lab3 */ = {
			isa = PBXGroup;
			children = (
				5C5645FD1BB3864B008D2D45 /* AppDelegate.h */,
				5C5645FE1BB3864B008D2D45 /* AppDelegate.m */,
				5C5646001BB3864B008D2D45 /* ViewController.h */,
				5C5646011BB3864B008D2D45 /* ViewController.m */,
				5C5646031BB3864B008D2D45 /* Main.storyboard */,
				5C5646061BB3864B008D2D45 /* Images.xcassets */,
				5C5646081BB3864B008D2D45 /* LaunchScreen.xib */,
				5C5645F91BB3864B008D2D45 /* Supporting Files */,
			);
			path = "Lyu-lab3";
			sourceTree = "<group>";
		};
		5C5645F91BB3864B008D2D45 /* Supporting Files */ = {
			isa = PBXGroup;
			children = (
				5C5645FA1BB3864B008D2D45 /* Info.plist */,
				5C5645FB1BB3864B008D2D45 /* main.m */,
			);
			name = "Supporting Files";
			sourceTree = "<group>";
		};
		5C5646121BB3864C008D2D45 /* Lyu-lab3Tests */ = {
			isa = PBXGroup;
			children = (
				5C5646151BB3864C008D2D45 /* Lyu_lab3Tests.m */,
				5C5646131BB3864C008D2D45 /* Supporting Files */,
			);
			path = "Lyu-lab3Tests";
			sourceTree = "<group>";
		};
		5C5646131BB3864C008D2D45 /* Supporting Files */ = {
			isa = PBXGroup;
			children = (
				5C5646141BB3864C008D2D45 /* Info.plist */,
			);
			name = "Supporting Files";
			sourceTree = "<group>";
		};
/* End PBXGroup section */

/* Begin PBXNativeTarget section */
		5C5645F51BB3864B008D2D45 /* Lyu-lab3 */ = {
			isa = PBXNativeTarget;
			buildConfigurationList = 5C5646191BB3864C008D2D45 /* Build configuration list for PBXNativeTarget "Lyu-lab3" */;
			buildPhases = (
				5C5645F21BB3864B008D2D45 /* Sources */,
				5C5645F31BB3864B008D2D45 /* Frameworks */,
				5C5645F41BB3864B008D2D45 /* Resources */,
			);
			buildRules = (
			);
			dependencies = (
			);
			name = "Lyu-lab3";
			productName = "Lyu-lab3";
			productReference = 5C5645F61BB3864B008D2D45 /* Lyu-lab3.app */;
			productType = "com.apple.product-type.application";
		};
		5C56460E1BB3864C008D2D45 /* Lyu-lab3Tests */ = {
			isa = PBXNativeTarget;
			buildConfigurationList = 5C56461C1BB3864C008D2D45 /* Build configuration list for PBXNativeTarget "Lyu-lab3Tests" */;
			buildPhases = (
				5C56460B1BB3864C008D2D45 /* Sources */,
				5C56460C1BB3864C008D2D45 /* Frameworks */,
				5C56460D1BB3864C008D2D45 /* Resources */,
			);
			buildRules = (
			);
			dependencies = (
				5C5646111BB3864C008D2D45 /* PBXTargetDependency */,
			);
			name = "Lyu-lab3Tests";
			productName = "Lyu-lab3Tests";
			productReference = 5C56460F1BB3864C008D2D45 /* Lyu-lab3Tests.xctest */;
			productType = "com.apple.product-type.bundle.unit-test";
		};
/* End PBXNativeTarget section */

/* Begin PBXProject section */
		5C5645EE1BB3864B008D2D45 /* Project object */ = {
			isa = PBXProject;
			attributes = {
				LastUpgradeCheck = 0640;
				ORGANIZATIONNAME = "Lingsheng Lyu";
				TargetAttributes = {
					5C5645F51BB3864B008D2D45 = {
						CreatedOnToolsVersion = 6.4;
					};
					5C56460E1BB3864C008D2D45 = {
						CreatedOnToolsVersion = 6.4;
						TestTargetID = 5C5645F51BB3864B008D2D45;
					};
				};
			};
			buildConfigurationList = 5C5645F11BB3864B008D2D45 /* Build configuration list for PBXProject "Lyu-lab3" */;
			compatibilityVersion = "Xcode 3.2";
			developmentRegion = English;
			hasScannedForEncodings = 0;
			knownRegions = (
				en,
				Base,
			);
			mainGroup = 5C5645ED1BB3864B008D2D45;
			productRefGroup = 5C5645F71BB3864B008D2D45 /* Products */;
			projectDirPath = "";
			projectRoot = "";
			targets = (
				5C5645F51BB3864B008D2D45 /* Lyu-lab3 */,
				5C56460E1BB3864C008D2D45 /* Lyu-lab3Tests */,
			);
		};
/* End PBXProject section */

/* Begin PBXResourcesBuildPhase section */
		5C5645F41BB3864B008D2D45 /* Resources */ = {
			isa = PBXResourcesBuildPhase;
			buildActionMask = 2147483647;
			files = (
				5C5646051BB3864B008D2D45 /* Main.storyboard in Resources */,
				5C56460A1BB3864B008D2D45 /* LaunchScreen.xib in Resources */,
				5C5646071BB3864B008D2D45 /* Images.xcassets in Resources */,
			);
			runOnlyForDeploymentPostprocessing = 0;
		};
		5C56460D1BB3864C008D2D45 /* Resources */ = {
			isa = PBXResourcesBuildPhase;
			buildActionMask = 2147483647;
			files = (
			);
			runOnlyForDeploymentPostprocessing = 0;
		};
/* End PBXResourcesBuildPhase section */

/* Begin PBXSourcesBuildPhase section */
		5C5645F21BB3864B008D2D45 /* Sources */ = {
			isa = PBXSourcesBuildPhase;
			buildActionMask = 2147483647;
			files = (
				5C5646021BB3864B008D2D45 /* ViewController.m in Sources */,
				5C5645FF1BB3864B008D2D45 /* AppDelegate.m in Sources */,
				5C5645FC1BB3864B008D2D45 /* main.m in Sources */,
			);
			runOnlyForDeploymentPostprocessing = 0;
		};
		5C56460B1BB3864C008D2D45 /* Sources */ = {
			isa = PBXSourcesBuildPhase;
			buildActionMask = 2147483647;
			files = (
				5C5646161BB3864C008D2D45 /* Lyu_lab3Tests.m in Sources */,
			);
			runOnlyForDeploymentPostprocessing = 0;
		};
/* End PBXSourcesBuildPhase section */

/* Begin PBXTargetDependency section */
		5C5646111BB3864C008D2D45 /* PBXTargetDependency */ = {
			isa = PBXTargetDependency;
			target = 5C5645F51BB3864B008D2D45 /* Lyu-lab3 */;
			targetProxy = 5C5646101BB3864C008D2D45 /* PBXContainerItemProxy */;
		};
/* End PBXTargetDependency section */

/* Begin PBXVariantGroup section */
		5C5646031BB3864B008D2D45 /* Main.storyboard */ = {
			isa = PBXVariantGroup;
			children = (
				5C5646041BB3864B008D2D45 /* Base */,
			);
			name = Main.storyboard;
			sourceTree = "<group>";
		};
		5C5646081BB3864B008D2D45 /* LaunchScreen.xib */ = {
			isa = PBXVariantGroup;
			children = (
				5C5646091BB3864B008D2D45 /* Base */,
			);
			name = LaunchScreen.xib;
			sourceTree = "<group>";
		};
/* End PBXVariantGroup section */

/* Begin XCBuildConfiguration section */
		5C5646171BB3864C008D2D45 /* Debug */ = {
			isa = XCBuildConfiguration;
			buildSettings = {
				ALWAYS_SEARCH_USER_PATHS = NO;
				CLANG_CXX_LANGUAGE_STANDARD = "gnu++0x";
				CLANG_CXX_LIBRARY = "libc++";
				CLANG_ENABLE_MODULES = YES;
				CLANG_ENABLE_OBJC_ARC = YES;
				CLANG_WARN_BOOL_CONVERSION = YES;
				CLANG_WARN_CONSTANT_CONVERSION = YES;
				CLANG_WARN_DIRECT_OBJC_ISA_USAGE = YES_ERROR;
				CLANG_WARN_EMPTY_BODY = YES;
				CLANG_WARN_ENUM_CONVERSION = YES;
				CLANG_WARN_INT_CONVERSION = YES;
				CLANG_WARN_OBJC_ROOT_CLASS = YES_ERROR;
				CLANG_WARN_UNREACHABLE_CODE = YES;
				CLANG_WARN__DUPLICATE_METHOD_MATCH = YES;
				"CODE_SIGN_IDENTITY[sdk=iphoneos*]" = "iPhone Developer";
				COPY_PHASE_STRIP = NO;
				DEBUG_INFORMATION_FORMAT = "dwarf-with-dsym";
				ENABLE_STRICT_OBJC_MSGSEND = YES;
				GCC_C_LANGUAGE_STANDARD = gnu99;
				GCC_DYNAMIC_NO_PIC = NO;
				GCC_NO_COMMON_BLOCKS = YES;
				GCC_OPTIMIZATION_LEVEL = 0;
				GCC_PREPROCESSOR_DEFINITIONS = (
					"DEBUG=1",
					"$(inherited)",
				);
				GCC_SYMBOLS_PRIVATE_EXTERN = NO;
				GCC_WARN_64_TO_32_BIT_CONVERSION = YES;
				GCC_WARN_ABOUT_RETURN_TYPE = YES_ERROR;
				GCC_WARN_UNDECLARED_SELECTOR = YES;
				GCC_WARN_UNINITIALIZED_AUTOS = YES_AGGRESSIVE;
				GCC_WARN_UNUSED_FUNCTION = YES;
				GCC_WARN_UNUSED_VARIABLE = YES;
				IPHONEOS_DEPLOYMENT_TARGET = 8.4;
				MTL_ENABLE_DEBUG_INFO = YES;
				ONLY_ACTIVE_ARCH = YES;
				SDKROOT = iphoneos;
				TARGETED_DEVICE_FAMILY = "1,2";
			};
			name = Debug;
		};
		5C5646181BB3864C008D2D45 /* Release */ = {
			isa = XCBuildConfiguration;
			buildSettings = {
				ALWAYS_SEARCH_USER_PATHS = NO;
				CLANG_CXX_LANGUAGE_STANDARD = "gnu++0x";
				CLANG_CXX_LIBRARY = "libc++";
				CLANG_ENABLE_MODULES = YES;
				CLANG_ENABLE_OBJC_ARC = YES;
				CLANG_WARN_BOOL_CONVERSION = YES;
				CLANG_WARN_CONSTANT_CONVERSION = YES;
				CLANG_WARN_DIRECT_OBJC_ISA_USAGE = YES_ERROR;
				CLANG_WARN_EMPTY_BODY = YES;
				CLANG_WARN_ENUM_CONVERSION = YES;
				CLANG_WARN_INT_CONVERSION = YES;
				CLANG_WARN_OBJC_ROOT_CLASS = YES_ERROR;
				CLANG_WARN_UNREACHABLE_CODE = YES;
				CLANG_WARN__DUPLICATE_METHOD_MATCH = YES;
				"CODE_SIGN_IDENTITY[sdk=iphoneos*]" = "iPhone Developer";
				COPY_PHASE_STRIP = NO;
				DEBUG_INFORMATION_FORMAT = "dwarf-with-dsym";
				ENABLE_NS_ASSERTIONS = NO;
				ENABLE_STRICT_OBJC_MSGSEND = YES;
				GCC_C_LANGUAGE_STANDARD = gnu99;
				GCC_NO_COMMON_BLOCKS = YES;
				GCC_WARN_64_TO_32_BIT_CONVERSION = YES;
				GCC_WARN_ABOUT_RETURN_TYPE = YES_ERROR;
				GCC_WARN_UNDECLARED_SELECTOR = YES;
				GCC_WARN_UNINITIALIZED_AUTOS = YES_AGGRESSIVE;
				GCC_WARN_UNUSED_FUNCTION = YES;
				GCC_WARN_UNUSED_VARIABLE = YES;
				IPHONEOS_DEPLOYMENT_TARGET = 8.4;
				MTL_ENABLE_DEBUG_INFO = NO;
				SDKROOT = iphoneos;
				TARGETED_DEVICE_FAMILY = "1,2";
				VALIDATE_PRODUCT = YES;
			};
			name = Release;
		};
		5C56461A1BB3864C008D2D45 /* Debug */ = {
			isa = XCBuildConfiguration;
			buildSettings = {
				ASSETCATALOG_COMPILER_APPICON_NAME = AppIcon;
				INFOPLIST_FILE = "Lyu-lab3/Info.plist";
				LD_RUNPATH_SEARCH_PATHS = "$(inherited) @executable_path/Frameworks";
				PRODUCT_NAME = "$(TARGET_NAME)";
			};
			name = Debug;
		};
		5C56461B1BB3864C008D2D45 /* Release */ = {
			isa = XCBuildConfiguration;
			buildSettings = {
				ASSETCATALOG_COMPILER_APPICON_NAME = AppIcon;
				INFOPLIST_FILE = "Lyu-lab3/Info.plist";
				LD_RUNPATH_SEARCH_PATHS = "$(inherited) @executable_path/Frameworks";
				PRODUCT_NAME = "$(TARGET_NAME)";
			};
			name = Release;
		};
		5C56461D1BB3864C008D2D45 /* Debug */ = {
			isa = XCBuildConfiguration;
			buildSettings = {
				BUNDLE_LOADER = "$(TEST_HOST)";
				FRAMEWORK_SEARCH_PATHS = (
					"$(SDKROOT)/Developer/Library/Frameworks",
					"$(inherited)",
				);
				GCC_PREPROCESSOR_DEFINITIONS = (
					"DEBUG=1",
					"$(inherited)",
				);
				INFOPLIST_FILE = "Lyu-lab3Tests/Info.plist";
				LD_RUNPATH_SEARCH_PATHS = "$(inherited) @executable_path/Frameworks @loader_path/Frameworks";
				PRODUCT_NAME = "$(TARGET_NAME)";
				TEST_HOST = "$(BUILT_PRODUCTS_DIR)/Lyu-lab3.app/Lyu-lab3";
			};
			name = Debug;
		};
		5C56461E1BB3864C008D2D45 /* Release */ = {
			isa = XCBuildConfiguration;
			buildSettings = {
				BUNDLE_LOADER = "$(TEST_HOST)";
				FRAMEWORK_SEARCH_PATHS = (
					"$(SDKROOT)/Developer/Library/Frameworks",
					"$(inherited)",
				);
				INFOPLIST_FILE = "Lyu-lab3Tests/Info.plist";
				LD_RUNPATH_SEARCH_PATHS = "$(inherited) @executable_path/Frameworks @loader_path/Frameworks";
				PRODUCT_NAME = "$(TARGET_NAME)";
				TEST_HOST = "$(BUILT_PRODUCTS_DIR)/Lyu-lab3.app/Lyu-lab3";
			};
			name = Release;
		};
/* End XCBuildConfiguration section */

/* Begin XCConfigurationList section */
		5C5645F11BB3864B008D2D45 /* Build configuration list for PBXProject "Lyu-lab3" */ = {
			isa = XCConfigurationList;
			buildConfigurations = (
				5C5646171BB3864C008D2D45 /* Debug */,
				5C5646181BB3864C008D2D45 /* Release */,
			);
			defaultConfigurationIsVisible = 0;
			defaultConfigurationName = Release;
		};
		5C5646191BB3864C008D2D45 /* Build configuration list for PBXNativeTarget "Lyu-lab3" */ = {
			isa = XCConfigurationList;
			buildConfigurations = (
				5C56461A1BB3864C008D2D45 /* Debug */,
				5C56461B1BB3864C008D2D45 /* Release */,
			);
			defaultConfigurationIsVisible = 0;
		};
		5C56461C1BB3864C008D2D45 /* Build configuration list for PBXNativeTarget "Lyu-lab3Tests" */ = {
			isa = XCConfigurationList;
			buildConfigurations = (
				5C56461D1BB3864C008D2D45 /* Debug */,
				5C56461E1BB3864C008D2D45 /* Release */,
			);
			defaultConfigurationIsVisible = 0;
		};
/* End XCConfigurationList section */
	};
	rootObject = 5C5645EE1BB3864B008D2D45 /* Project object */;
}
